// !$*UTF8*$!
{
	archiveVersion = 1;
	classes = {
	};
	objectVersion = 50;
	objects = {

/* Begin PBXBuildFile section */
		171285E42333FDF000502ECD /* main.cpp in Sources */ = {isa = PBXBuildFile; fileRef = 171285E32333FDF000502ECD /* main.cpp */; };
		171285F923340C4200502ECD /* libopencv_imgcodecs.4.1.1.dylib in Frameworks */ = {isa = PBXBuildFile; fileRef = 171285EA23340C4100502ECD /* libopencv_imgcodecs.4.1.1.dylib */; };
		171285FA23340C4200502ECD /* libopencv_photo.4.1.1.dylib in Frameworks */ = {isa = PBXBuildFile; fileRef = 171285EB23340C4100502ECD /* libopencv_photo.4.1.1.dylib */; };
		171285FB23340C4200502ECD /* libopencv_imgproc.4.1.1.dylib in Frameworks */ = {isa = PBXBuildFile; fileRef = 171285EC23340C4100502ECD /* libopencv_imgproc.4.1.1.dylib */; };
		171285FC23340C4200502ECD /* libopencv_gapi.4.1.1.dylib in Frameworks */ = {isa = PBXBuildFile; fileRef = 171285ED23340C4100502ECD /* libopencv_gapi.4.1.1.dylib */; };
		171285FD23340C4200502ECD /* libopencv_calib3d.4.1.1.dylib in Frameworks */ = {isa = PBXBuildFile; fileRef = 171285EE23340C4100502ECD /* libopencv_calib3d.4.1.1.dylib */; };
		171285FE23340C4200502ECD /* libopencv_flann.4.1.1.dylib in Frameworks */ = {isa = PBXBuildFile; fileRef = 171285EF23340C4100502ECD /* libopencv_flann.4.1.1.dylib */; };
		171285FF23340C4200502ECD /* libopencv_features2d.4.1.1.dylib in Frameworks */ = {isa = PBXBuildFile; fileRef = 171285F023340C4100502ECD /* libopencv_features2d.4.1.1.dylib */; };
		1712860023340C4200502ECD /* libopencv_video.4.1.1.dylib in Frameworks */ = {isa = PBXBuildFile; fileRef = 171285F123340C4100502ECD /* libopencv_video.4.1.1.dylib */; };
		1712860123340C4200502ECD /* libopencv_videoio.4.1.1.dylib in Frameworks */ = {isa = PBXBuildFile; fileRef = 171285F223340C4100502ECD /* libopencv_videoio.4.1.1.dylib */; };
		1712860223340C4200502ECD /* libopencv_core.4.1.1.dylib in Frameworks */ = {isa = PBXBuildFile; fileRef = 171285F323340C4100502ECD /* libopencv_core.4.1.1.dylib */; };
		1712860323340C4200502ECD /* libopencv_ml.4.1.1.dylib in Frameworks */ = {isa = PBXBuildFile; fileRef = 171285F423340C4100502ECD /* libopencv_ml.4.1.1.dylib */; };
		1712860423340C4200502ECD /* libopencv_objdetect.4.1.1.dylib in Frameworks */ = {isa = PBXBuildFile; fileRef = 171285F523340C4100502ECD /* libopencv_objdetect.4.1.1.dylib */; };
		1712860523340C4200502ECD /* libopencv_stitching.4.1.1.dylib in Frameworks */ = {isa = PBXBuildFile; fileRef = 171285F623340C4100502ECD /* libopencv_stitching.4.1.1.dylib */; };
		1712860623340C4200502ECD /* libopencv_dnn.4.1.1.dylib in Frameworks */ = {isa = PBXBuildFile; fileRef = 171285F723340C4200502ECD /* libopencv_dnn.4.1.1.dylib */; };
		1712860723340C4200502ECD /* libopencv_highgui.4.1.1.dylib in Frameworks */ = {isa = PBXBuildFile; fileRef = 171285F823340C4200502ECD /* libopencv_highgui.4.1.1.dylib */; };
/* End PBXBuildFile section */

/* Begin PBXCopyFilesBuildPhase section */
		171285DE2333FDF000502ECD /* CopyFiles */ = {
			isa = PBXCopyFilesBuildPhase;
			buildActionMask = 2147483647;
			dstPath = /usr/share/man/man1/;
			dstSubfolderSpec = 0;
			files = (
			);
			runOnlyForDeploymentPostprocessing = 1;
		};
/* End PBXCopyFilesBuildPhase section */

/* Begin PBXFileReference section */
		171285E02333FDF000502ECD /* SecureVideoTransfer */ = {isa = PBXFileReference; explicitFileType = "compiled.mach-o.executable"; includeInIndex = 0; path = SecureVideoTransfer; sourceTree = BUILT_PRODUCTS_DIR; };
		171285E32333FDF000502ECD /* main.cpp */ = {isa = PBXFileReference; lastKnownFileType = sourcecode.cpp.cpp; path = main.cpp; sourceTree = "<group>"; };
		171285EA23340C4100502ECD /* libopencv_imgcodecs.4.1.1.dylib */ = {isa = PBXFileReference; lastKnownFileType = "compiled.mach-o.dylib"; name = libopencv_imgcodecs.4.1.1.dylib; path = "../opencv-4.1.1/build/lib/libopencv_imgcodecs.4.1.1.dylib"; sourceTree = "<group>"; };
		171285EB23340C4100502ECD /* libopencv_photo.4.1.1.dylib */ = {isa = PBXFileReference; lastKnownFileType = "compiled.mach-o.dylib"; name = libopencv_photo.4.1.1.dylib; path = "../opencv-4.1.1/build/lib/libopencv_photo.4.1.1.dylib"; sourceTree = "<group>"; };
		171285EC23340C4100502ECD /* libopencv_imgproc.4.1.1.dylib */ = {isa = PBXFileReference; lastKnownFileType = "compiled.mach-o.dylib"; name = libopencv_imgproc.4.1.1.dylib; path = "../opencv-4.1.1/build/lib/libopencv_imgproc.4.1.1.dylib"; sourceTree = "<group>"; };
		171285ED23340C4100502ECD /* libopencv_gapi.4.1.1.dylib */ = {isa = PBXFileReference; lastKnownFileType = "compiled.mach-o.dylib"; name = libopencv_gapi.4.1.1.dylib; path = "../opencv-4.1.1/build/lib/libopencv_gapi.4.1.1.dylib"; sourceTree = "<group>"; };
		171285EE23340C4100502ECD /* libopencv_calib3d.4.1.1.dylib */ = {isa = PBXFileReference; lastKnownFileType = "compiled.mach-o.dylib"; name = libopencv_calib3d.4.1.1.dylib; path = "../opencv-4.1.1/build/lib/libopencv_calib3d.4.1.1.dylib"; sourceTree = "<group>"; };
		171285EF23340C4100502ECD /* libopencv_flann.4.1.1.dylib */ = {isa = PBXFileReference; lastKnownFileType = "compiled.mach-o.dylib"; name = libopencv_flann.4.1.1.dylib; path = "../opencv-4.1.1/build/lib/libopencv_flann.4.1.1.dylib"; sourceTree = "<group>"; };
		171285F023340C4100502ECD /* libopencv_features2d.4.1.1.dylib */ = {isa = PBXFileReference; lastKnownFileType = "compiled.mach-o.dylib"; name = libopencv_features2d.4.1.1.dylib; path = "../opencv-4.1.1/build/lib/libopencv_features2d.4.1.1.dylib"; sourceTree = "<group>"; };
		171285F123340C4100502ECD /* libopencv_video.4.1.1.dylib */ = {isa = PBXFileReference; lastKnownFileType = "compiled.mach-o.dylib"; name = libopencv_video.4.1.1.dylib; path = "../opencv-4.1.1/build/lib/libopencv_video.4.1.1.dylib"; sourceTree = "<group>"; };
		171285F223340C4100502ECD /* libopencv_videoio.4.1.1.dylib */ = {isa = PBXFileReference; lastKnownFileType = "compiled.mach-o.dylib"; name = libopencv_videoio.4.1.1.dylib; path = "../opencv-4.1.1/build/lib/libopencv_videoio.4.1.1.dylib"; sourceTree = "<group>"; };
		171285F323340C4100502ECD /* libopencv_core.4.1.1.dylib */ = {isa = PBXFileReference; lastKnownFileType = "compiled.mach-o.dylib"; name = libopencv_core.4.1.1.dylib; path = "../opencv-4.1.1/build/lib/libopencv_core.4.1.1.dylib"; sourceTree = "<group>"; };
		171285F423340C4100502ECD /* libopencv_ml.4.1.1.dylib */ = {isa = PBXFileReference; lastKnownFileType = "compiled.mach-o.dylib"; name = libopencv_ml.4.1.1.dylib; path = "../opencv-4.1.1/build/lib/libopencv_ml.4.1.1.dylib"; sourceTree = "<group>"; };
		171285F523340C4100502ECD /* libopencv_objdetect.4.1.1.dylib */ = {isa = PBXFileReference; lastKnownFileType = "compiled.mach-o.dylib"; name = libopencv_objdetect.4.1.1.dylib; path = "../opencv-4.1.1/build/lib/libopencv_objdetect.4.1.1.dylib"; sourceTree = "<group>"; };
		171285F623340C4100502ECD /* libopencv_stitching.4.1.1.dylib */ = {isa = PBXFileReference; lastKnownFileType = "compiled.mach-o.dylib"; name = libopencv_stitching.4.1.1.dylib; path = "../opencv-4.1.1/build/lib/libopencv_stitching.4.1.1.dylib"; sourceTree = "<group>"; };
		171285F723340C4200502ECD /* libopencv_dnn.4.1.1.dylib */ = {isa = PBXFileReference; lastKnownFileType = "compiled.mach-o.dylib"; name = libopencv_dnn.4.1.1.dylib; path = "../opencv-4.1.1/build/lib/libopencv_dnn.4.1.1.dylib"; sourceTree = "<group>"; };
		171285F823340C4200502ECD /* libopencv_highgui.4.1.1.dylib */ = {isa = PBXFileReference; lastKnownFileType = "compiled.mach-o.dylib"; name = libopencv_highgui.4.1.1.dylib; path = "../opencv-4.1.1/build/lib/libopencv_highgui.4.1.1.dylib"; sourceTree = "<group>"; };
/* End PBXFileReference section */

/* Begin PBXFrameworksBuildPhase section */
		171285DD2333FDF000502ECD /* Frameworks */ = {
			isa = PBXFrameworksBuildPhase;
			buildActionMask = 2147483647;
			files = (
				1712860623340C4200502ECD /* libopencv_dnn.4.1.1.dylib in Frameworks */,
				171285FA23340C4200502ECD /* libopencv_photo.4.1.1.dylib in Frameworks */,
				171285FE23340C4200502ECD /* libopencv_flann.4.1.1.dylib in Frameworks */,
				1712860423340C4200502ECD /* libopencv_objdetect.4.1.1.dylib in Frameworks */,
				1712860223340C4200502ECD /* libopencv_core.4.1.1.dylib in Frameworks */,
				1712860723340C4200502ECD /* libopencv_highgui.4.1.1.dylib in Frameworks */,
				171285FD23340C4200502ECD /* libopencv_calib3d.4.1.1.dylib in Frameworks */,
				171285FB23340C4200502ECD /* libopencv_imgproc.4.1.1.dylib in Frameworks */,
				1712860523340C4200502ECD /* libopencv_stitching.4.1.1.dylib in Frameworks */,
				1712860123340C4200502ECD /* libopencv_videoio.4.1.1.dylib in Frameworks */,
				1712860323340C4200502ECD /* libopencv_ml.4.1.1.dylib in Frameworks */,
				171285FF23340C4200502ECD /* libopencv_features2d.4.1.1.dylib in Frameworks */,
				1712860023340C4200502ECD /* libopencv_video.4.1.1.dylib in Frameworks */,
				171285FC23340C4200502ECD /* libopencv_gapi.4.1.1.dylib in Frameworks */,
				171285F923340C4200502ECD /* libopencv_imgcodecs.4.1.1.dylib in Frameworks */,
			);
			runOnlyForDeploymentPostprocessing = 0;
		};
/* End PBXFrameworksBuildPhase section */

/* Begin PBXGroup section */
		171285D72333FDEF00502ECD = {
			isa = PBXGroup;
			children = (
				171285EE23340C4100502ECD /* libopencv_calib3d.4.1.1.dylib */,
				171285F323340C4100502ECD /* libopencv_core.4.1.1.dylib */,
				171285F723340C4200502ECD /* libopencv_dnn.4.1.1.dylib */,
				171285F023340C4100502ECD /* libopencv_features2d.4.1.1.dylib */,
				171285EF23340C4100502ECD /* libopencv_flann.4.1.1.dylib */,
				171285ED23340C4100502ECD /* libopencv_gapi.4.1.1.dylib */,
				171285F823340C4200502ECD /* libopencv_highgui.4.1.1.dylib */,
				171285EA23340C4100502ECD /* libopencv_imgcodecs.4.1.1.dylib */,
				171285EC23340C4100502ECD /* libopencv_imgproc.4.1.1.dylib */,
				171285F423340C4100502ECD /* libopencv_ml.4.1.1.dylib */,
				171285F523340C4100502ECD /* libopencv_objdetect.4.1.1.dylib */,
				171285EB23340C4100502ECD /* libopencv_photo.4.1.1.dylib */,
				171285F623340C4100502ECD /* libopencv_stitching.4.1.1.dylib */,
				171285F123340C4100502ECD /* libopencv_video.4.1.1.dylib */,
				171285F223340C4100502ECD /* libopencv_videoio.4.1.1.dylib */,
				171285E22333FDF000502ECD /* SecureVideoTransfer */,
				171285E12333FDF000502ECD /* Products */,
			);
			sourceTree = "<group>";
		};
		171285E12333FDF000502ECD /* Products */ = {
			isa = PBXGroup;
			children = (
				171285E02333FDF000502ECD /* SecureVideoTransfer */,
			);
			name = Products;
			sourceTree = "<group>";
		};
		171285E22333FDF000502ECD /* SecureVideoTransfer */ = {
			isa = PBXGroup;
			children = (
				171285E32333FDF000502ECD /* main.cpp */,
			);
			path = SecureVideoTransfer;
			sourceTree = "<group>";
		};
/* End PBXGroup section */

/* Begin PBXNativeTarget section */
		171285DF2333FDF000502ECD /* SecureVideoTransfer */ = {
			isa = PBXNativeTarget;
			buildConfigurationList = 171285E72333FDF000502ECD /* Build configuration list for PBXNativeTarget "SecureVideoTransfer" */;
			buildPhases = (
				171285DC2333FDF000502ECD /* Sources */,
				171285DD2333FDF000502ECD /* Frameworks */,
				171285DE2333FDF000502ECD /* CopyFiles */,
			);
			buildRules = (
			);
			dependencies = (
			);
			name = SecureVideoTransfer;
			productName = SecureVideoTransfer;
			productReference = 171285E02333FDF000502ECD /* SecureVideoTransfer */;
			productType = "com.apple.product-type.tool";
		};
/* End PBXNativeTarget section */

/* Begin PBXProject section */
		171285D82333FDEF00502ECD /* Project object */ = {
			isa = PBXProject;
			attributes = {
				LastUpgradeCheck = 1100;
				ORGANIZATIONNAME = "Arjit Sharma";
				TargetAttributes = {
					171285DF2333FDF000502ECD = {
						CreatedOnToolsVersion = 11.0;
					};
				};
			};
			buildConfigurationList = 171285DB2333FDEF00502ECD /* Build configuration list for PBXProject "SecureVideoTransfer" */;
			compatibilityVersion = "Xcode 9.3";
			developmentRegion = en;
			hasScannedForEncodings = 0;
			knownRegions = (
				en,
				Base,
			);
			mainGroup = 171285D72333FDEF00502ECD;
			productRefGroup = 171285E12333FDF000502ECD /* Products */;
			projectDirPath = "";
			projectRoot = "";
			targets = (
				171285DF2333FDF000502ECD /* SecureVideoTransfer */,
			);
		};
/* End PBXProject section */

/* Begin PBXSourcesBuildPhase section */
		171285DC2333FDF000502ECD /* Sources */ = {
			isa = PBXSourcesBuildPhase;
			buildActionMask = 2147483647;
			files = (
				171285E42333FDF000502ECD /* main.cpp in Sources */,
			);
			runOnlyForDeploymentPostprocessing = 0;
		};
/* End PBXSourcesBuildPhase section */

/* Begin XCBuildConfiguration section */
		171285E52333FDF000502ECD /* Debug */ = {
			isa = XCBuildConfiguration;
			buildSettings = {
				ALWAYS_SEARCH_USER_PATHS = NO;
				CLANG_ANALYZER_NONNULL = YES;
				CLANG_ANALYZER_NUMBER_OBJECT_CONVERSION = YES_AGGRESSIVE;
				CLANG_CXX_LANGUAGE_STANDARD = "gnu++14";
				CLANG_CXX_LIBRARY = "libc++";
				CLANG_ENABLE_MODULES = YES;
				CLANG_ENABLE_OBJC_ARC = YES;
				CLANG_ENABLE_OBJC_WEAK = YES;
				CLANG_WARN_BLOCK_CAPTURE_AUTORELEASING = YES;
				CLANG_WARN_BOOL_CONVERSION = YES;
				CLANG_WARN_COMMA = YES;
				CLANG_WARN_CONSTANT_CONVERSION = YES;
				CLANG_WARN_DEPRECATED_OBJC_IMPLEMENTATIONS = YES;
				CLANG_WARN_DIRECT_OBJC_ISA_USAGE = YES_ERROR;
				CLANG_WARN_DOCUMENTATION_COMMENTS = YES;
				CLANG_WARN_EMPTY_BODY = YES;
				CLANG_WARN_ENUM_CONVERSION = YES;
				CLANG_WARN_INFINITE_RECURSION = YES;
				CLANG_WARN_INT_CONVERSION = YES;
				CLANG_WARN_NON_LITERAL_NULL_CONVERSION = YES;
				CLANG_WARN_OBJC_IMPLICIT_RETAIN_SELF = YES;
				CLANG_WARN_OBJC_LITERAL_CONVERSION = YES;
				CLANG_WARN_OBJC_ROOT_CLASS = YES_ERROR;
				CLANG_WARN_RANGE_LOOP_ANALYSIS = YES;
				CLANG_WARN_STRICT_PROTOTYPES = YES;
				CLANG_WARN_SUSPICIOUS_MOVE = YES;
				CLANG_WARN_UNGUARDED_AVAILABILITY = YES_AGGRESSIVE;
				CLANG_WARN_UNREACHABLE_CODE = YES;
				CLANG_WARN__DUPLICATE_METHOD_MATCH = YES;
				COPY_PHASE_STRIP = NO;
				DEBUG_INFORMATION_FORMAT = dwarf;
				ENABLE_STRICT_OBJC_MSGSEND = YES;
				ENABLE_TESTABILITY = YES;
				GCC_C_LANGUAGE_STANDARD = gnu11;
				GCC_DYNAMIC_NO_PIC = NO;
				GCC_NO_COMMON_BLOCKS = YES;
				GCC_OPTIMIZATION_LEVEL = 0;
				GCC_PREPROCESSOR_DEFINITIONS = (
					"DEBUG=1",
					"$(inherited)",
				);
				GCC_WARN_64_TO_32_BIT_CONVERSION = YES;
				GCC_WARN_ABOUT_RETURN_TYPE = YES_ERROR;
				GCC_WARN_UNDECLARED_SELECTOR = YES;
				GCC_WARN_UNINITIALIZED_AUTOS = YES_AGGRESSIVE;
				GCC_WARN_UNUSED_FUNCTION = YES;
				GCC_WARN_UNUSED_VARIABLE = YES;
				MACOSX_DEPLOYMENT_TARGET = 10.14;
				MTL_ENABLE_DEBUG_INFO = INCLUDE_SOURCE;
				MTL_FAST_MATH = YES;
				ONLY_ACTIVE_ARCH = YES;
				SDKROOT = macosx;
			};
			name = Debug;
		};
		171285E62333FDF000502ECD /* Release */ = {
			isa = XCBuildConfiguration;
			buildSettings = {
				ALWAYS_SEARCH_USER_PATHS = NO;
				CLANG_ANALYZER_NONNULL = YES;
				CLANG_ANALYZER_NUMBER_OBJECT_CONVERSION = YES_AGGRESSIVE;
				CLANG_CXX_LANGUAGE_STANDARD = "gnu++14";
				CLANG_CXX_LIBRARY = "libc++";
				CLANG_ENABLE_MODULES = YES;
				CLANG_ENABLE_OBJC_ARC = YES;
				CLANG_ENABLE_OBJC_WEAK = YES;
				CLANG_WARN_BLOCK_CAPTURE_AUTORELEASING = YES;
				CLANG_WARN_BOOL_CONVERSION = YES;
				CLANG_WARN_COMMA = YES;
				CLANG_WARN_CONSTANT_CONVERSION = YES;
				CLANG_WARN_DEPRECATED_OBJC_IMPLEMENTATIONS = YES;
				CLANG_WARN_DIRECT_OBJC_ISA_USAGE = YES_ERROR;
				CLANG_WARN_DOCUMENTATION_COMMENTS = YES;
				CLANG_WARN_EMPTY_BODY = YES;
				CLANG_WARN_ENUM_CONVERSION = YES;
				CLANG_WARN_INFINITE_RECURSION = YES;
				CLANG_WARN_INT_CONVERSION = YES;
				CLANG_WARN_NON_LITERAL_NULL_CONVERSION = YES;
				CLANG_WARN_OBJC_IMPLICIT_RETAIN_SELF = YES;
				CLANG_WARN_OBJC_LITERAL_CONVERSION = YES;
				CLANG_WARN_OBJC_ROOT_CLASS = YES_ERROR;
				CLANG_WARN_RANGE_LOOP_ANALYSIS = YES;
				CLANG_WARN_STRICT_PROTOTYPES = YES;
				CLANG_WARN_SUSPICIOUS_MOVE = YES;
				CLANG_WARN_UNGUARDED_AVAILABILITY = YES_AGGRESSIVE;
				CLANG_WARN_UNREACHABLE_CODE = YES;
				CLANG_WARN__DUPLICATE_METHOD_MATCH = YES;
				COPY_PHASE_STRIP = NO;
				DEBUG_INFORMATION_FORMAT = "dwarf-with-dsym";
				ENABLE_NS_ASSERTIONS = NO;
				ENABLE_STRICT_OBJC_MSGSEND = YES;
				GCC_C_LANGUAGE_STANDARD = gnu11;
				GCC_NO_COMMON_BLOCKS = YES;
				GCC_WARN_64_TO_32_BIT_CONVERSION = YES;
				GCC_WARN_ABOUT_RETURN_TYPE = YES_ERROR;
				GCC_WARN_UNDECLARED_SELECTOR = YES;
				GCC_WARN_UNINITIALIZED_AUTOS = YES_AGGRESSIVE;
				GCC_WARN_UNUSED_FUNCTION = YES;
				GCC_WARN_UNUSED_VARIABLE = YES;
				MACOSX_DEPLOYMENT_TARGET = 10.14;
				MTL_ENABLE_DEBUG_INFO = NO;
				MTL_FAST_MATH = YES;
				SDKROOT = macosx;
			};
			name = Release;
		};
		171285E82333FDF000502ECD /* Debug */ = {
			isa = XCBuildConfiguration;
			buildSettings = {
				ALWAYS_SEARCH_USER_PATHS = YES;
				CODE_SIGN_STYLE = Automatic;
				FRAMEWORK_SEARCH_PATHS = /usr/local/lib;
				HEADER_SEARCH_PATHS = /usr/local/include/opencv4;
				LIBRARY_SEARCH_PATHS = "/Users/arjits/cosmos/VideoAnalytics/opencv-4.1.1/build/lib";
				PRODUCT_NAME = "$(TARGET_NAME)";
			};
			name = Debug;
		};
		171285E92333FDF000502ECD /* Release */ = {
			isa = XCBuildConfiguration;
			buildSettings = {
				ALWAYS_SEARCH_USER_PATHS = YES;
				CODE_SIGN_STYLE = Automatic;
				FRAMEWORK_SEARCH_PATHS = /usr/local/lib;
				HEADER_SEARCH_PATHS = /usr/local/include/opencv4;
				LIBRARY_SEARCH_PATHS = "/Users/arjits/cosmos/VideoAnalytics/opencv-4.1.1/build/lib";
				PRODUCT_NAME = "$(TARGET_NAME)";
			};
			name = Release;
		};
/* End XCBuildConfiguration section */

/* Begin XCConfigurationList section */
		171285DB2333FDEF00502ECD /* Build configuration list for PBXProject "SecureVideoTransfer" */ = {
			isa = XCConfigurationList;
			buildConfigurations = (
				171285E52333FDF000502ECD /* Debug */,
				171285E62333FDF000502ECD /* Release */,
			);
			defaultConfigurationIsVisible = 0;
			defaultConfigurationName = Release;
		};
		171285E72333FDF000502ECD /* Build configuration list for PBXNativeTarget "SecureVideoTransfer" */ = {
			isa = XCConfigurationList;
			buildConfigurations = (
				171285E82333FDF000502ECD /* Debug */,
				171285E92333FDF000502ECD /* Release */,
			);
			defaultConfigurationIsVisible = 0;
			defaultConfigurationName = Release;
		};
/* End XCConfigurationList section */
	};
	rootObject = 171285D82333FDEF00502ECD /* Project object */;
}
